
Microsoft Visual Studio Solution File, Format Version 12.00
# Visual Studio 14
VisualStudioVersion = 14.0.23107.0
MinimumVisualStudioVersion = 10.0.40219.1
Project("{FAE04EC0-301F-11D3-BF4B-00C04F79EFBC}") = "ExtensionManager", "ExtensionManager\ExtensionManager.csproj", "{C2E83EAC-8D72-4E63-88AF-9E837149A14E}"
EndProject
Project("{FAE04EC0-301F-11D3-BF4B-00C04F79EFBC}") = "ExtensionManagerLibrary", "ExtensionManagerLibrary\ExtensionManagerLibrary.csproj", "{BF5DAB76-57EB-4CCF-B17B-A15616EC600F}"
EndProject
Global
	GlobalSection(SolutionConfigurationPlatforms) = preSolution
		Debug|Any CPU = Debug|Any CPU
		Release|Any CPU = Release|Any CPU
	EndGlobalSection
	GlobalSection(ProjectConfigurationPlatforms) = postSolution
		{C2E83EAC-8D72-4E63-88AF-9E837149A14E}.Debug|Any CPU.ActiveCfg = Debug|Any CPU
		{C2E83EAC-8D72-4E63-88AF-9E837149A14E}.Debug|Any CPU.Build.0 = Debug|Any CPU
		{C2E83EAC-8D72-4E63-88AF-9E837149A14E}.Release|Any CPU.ActiveCfg = Release|Any CPU
		{C2E83EAC-8D72-4E63-88AF-9E837149A14E}.Release|Any CPU.Build.0 = Release|Any CPU
		{BF5DAB76-57EB-4CCF-B17B-A15616EC600F}.Debug|Any CPU.ActiveCfg = Debug|Any CPU
		{BF5DAB76-57EB-4CCF-B17B-A15616EC600F}.Debug|Any CPU.Build.0 = Debug|Any CPU
		{BF5DAB76-57EB-4CCF-B17B-A15616EC600F}.Release|Any CPU.ActiveCfg = Release|Any CPU
		{BF5DAB76-57EB-4CCF-B17B-A15616EC600F}.Release|Any CPU.Build.0 = Release|Any CPU
	EndGlobalSection
	GlobalSection(SolutionProperties) = preSolution
		HideSolutionNode = FALSE
	EndGlobalSection
EndGlobal
